
Microsoft Visual Studio Solution File, Format Version 12.00
# Visual Studio Version 16
VisualStudioVersion = 16.0.31313.79
MinimumVisualStudioVersion = 10.0.40219.1
Project("{FAE04EC0-301F-11D3-BF4B-00C04F79EFBC}") = "ServerProject", "ServerProject\ServerProject.csproj", "{D8C61108-F865-412F-BE9B-309349A2AF71}"
EndProject
Project("{FAE04EC0-301F-11D3-BF4B-00C04F79EFBC}") = "ClientProject", "ClientProject\ClientProject.csproj", "{36486CCD-1266-4A76-866D-0DDBB2C52B51}"
EndProject
Global
	GlobalSection(SolutionConfigurationPlatforms) = preSolution
		Debug|Any CPU = Debug|Any CPU
		Release|Any CPU = Release|Any CPU
	EndGlobalSection
	GlobalSection(ProjectConfigurationPlatforms) = postSolution
		{D8C61108-F865-412F-BE9B-309349A2AF71}.Debug|Any CPU.ActiveCfg = Debug|Any CPU
		{D8C61108-F865-412F-BE9B-309349A2AF71}.Debug|Any CPU.Build.0 = Debug|Any CPU
		{D8C61108-F865-412F-BE9B-309349A2AF71}.Release|Any CPU.ActiveCfg = Release|Any CPU
		{D8C61108-F865-412F-BE9B-309349A2AF71}.Release|Any CPU.Build.0 = Release|Any CPU
		{36486CCD-1266-4A76-866D-0DDBB2C52B51}.Debug|Any CPU.ActiveCfg = Debug|Any CPU
		{36486CCD-1266-4A76-866D-0DDBB2C52B51}.Debug|Any CPU.Build.0 = Debug|Any CPU
		{36486CCD-1266-4A76-866D-0DDBB2C52B51}.Release|Any CPU.ActiveCfg = Release|Any CPU
		{36486CCD-1266-4A76-866D-0DDBB2C52B51}.Release|Any CPU.Build.0 = Release|Any CPU
	EndGlobalSection
	GlobalSection(SolutionProperties) = preSolution
		HideSolutionNode = FALSE
	EndGlobalSection
	GlobalSection(ExtensibilityGlobals) = postSolution
		SolutionGuid = {8D3ABAE6-691F-4567-9359-7061BF39A898}
	EndGlobalSection
EndGlobal
